Microsoft Visual Studio Solution File, Format Version 12.00
# Visual Studio Version 17
VisualStudioVersion = 17.5.2.0
MinimumVisualStudioVersion = 10.0.40219.1
Project("{FAE04EC0-301F-11D3-BF4B-00C04F79EFBC}") = "GitHubActivityNotifier", "GitHubActivityNotifier.csproj", "{5797870A-669A-646D-0893-5DDFA632C390}"
EndProject
Global
	GlobalSection(SolutionConfigurationPlatforms) = preSolution
		Debug|Any CPU = Debug|Any CPU
		Release|Any CPU = Release|Any CPU
	EndGlobalSection
	GlobalSection(ProjectConfigurationPlatforms) = postSolution
		{5797870A-669A-646D-0893-5DDFA632C390}.Debug|Any CPU.ActiveCfg = Debug|Any CPU
		{5797870A-669A-646D-0893-5DDFA632C390}.Debug|Any CPU.Build.0 = Debug|Any CPU
		{5797870A-669A-646D-0893-5DDFA632C390}.Release|Any CPU.ActiveCfg = Release|Any CPU
		{5797870A-669A-646D-0893-5DDFA632C390}.Release|Any CPU.Build.0 = Release|Any CPU
	EndGlobalSection
	GlobalSection(SolutionProperties) = preSolution
		HideSolutionNode = FALSE
	EndGlobalSection
	GlobalSection(ExtensibilityGlobals) = postSolution
		SolutionGuid = {2EBD2493-5F7C-44E8-BFC3-B25DFD8BF9AA}
	EndGlobalSection
EndGlobal
